// !$*UTF8*$!
{
	archiveVersion = 1;
	classes = {
	};
	objectVersion = 46;
	objects = {

/* Begin PBXBuildFile section */
		002F39FA09D0881F00EBEB88 /* SDL.framework in Frameworks */ = {isa = PBXBuildFile; fileRef = 002F39F909D0881F00EBEB88 /* SDL.framework */; };
		002F3A0009D0884600EBEB88 /* SDL.framework in Copy Frameworks into .app bundle */ = {isa = PBXBuildFile; fileRef = 002F39F909D0881F00EBEB88 /* SDL.framework */; };
		002F3A2E09D0888800EBEB88 /* SDLMain.m in Sources */ = {isa = PBXBuildFile; fileRef = 002F3A2C09D0888800EBEB88 /* SDLMain.m */; };
		002F3A3F09D088BA00EBEB88 /* main.cpp in Sources */ = {isa = PBXBuildFile; fileRef = 002F3A3E09D088BA00EBEB88 /* main.cpp */; };
		002F3C0109D093BD00EBEB88 /* OpenGL.framework in Frameworks */ = {isa = PBXBuildFile; fileRef = 002F3C0009D093BD00EBEB88 /* OpenGL.framework */; };
		002F3C6109D0951E00EBEB88 /* GLUT.framework in Frameworks */ = {isa = PBXBuildFile; fileRef = 002F3C6009D0951E00EBEB88 /* GLUT.framework */; };
		875AA133132326000055526A /* SDL_image.framework in Copy Frameworks into .app bundle */ = {isa = PBXBuildFile; fileRef = 875AA132132326000055526A /* SDL_image.framework */; };
		875AA147132326420055526A /* bgdraw.cpp in Sources */ = {isa = PBXBuildFile; fileRef = 875AA146132326420055526A /* bgdraw.cpp */; };
		875AA14D132326660055526A /* texturemanager.cpp in Sources */ = {isa = PBXBuildFile; fileRef = 875AA14C132326660055526A /* texturemanager.cpp */; };
		875AA152132326E20055526A /* zImage.cpp in Sources */ = {isa = PBXBuildFile; fileRef = 875AA151132326E20055526A /* zImage.cpp */; };
		875AA172132328470055526A /* SDL_image.framework in Frameworks */ = {isa = PBXBuildFile; fileRef = 875AA132132326000055526A /* SDL_image.framework */; };
		875AA18B132329230055526A /* images in Resources */ = {isa = PBXBuildFile; fileRef = 875AA189132329230055526A /* images */; };
		875AA5A1132350F20055526A /* buildingObject.cpp in Sources */ = {isa = PBXBuildFile; fileRef = 875AA5A0132350F20055526A /* buildingObject.cpp */; };
		875AA5BC132357040055526A /* buildingOffice.cpp in Sources */ = {isa = PBXBuildFile; fileRef = 875AA5BB132357040055526A /* buildingOffice.cpp */; };
		875AA796132364720055526A /* liblua.a in Copy Frameworks into .app bundle */ = {isa = PBXBuildFile; fileRef = 875AA795132364720055526A /* liblua.a */; };
		875AA7971323647F0055526A /* liblua.a in Frameworks */ = {isa = PBXBuildFile; fileRef = 875AA795132364720055526A /* liblua.a */; };
		875AA7EE132366E70055526A /* Office.lua in Resources */ = {isa = PBXBuildFile; fileRef = 875AA7EC132366C20055526A /* Office.lua */; };
		875AA819132367B70055526A /* ConstructionManager.cpp in Sources */ = {isa = PBXBuildFile; fileRef = 875AA818132367B70055526A /* ConstructionManager.cpp */; };
		875AA965132445140055526A /* utils.cpp in Sources */ = {isa = PBXBuildFile; fileRef = 875AA964132445140055526A /* utils.cpp */; };
		875AA9BF1324493F0055526A /* floorManager.cpp in Sources */ = {isa = PBXBuildFile; fileRef = 875AA9BE1324493F0055526A /* floorManager.cpp */; };
		87C145AC13213928006F3303 /* gametime.cpp in Sources */ = {isa = PBXBuildFile; fileRef = 87C145AB13213928006F3303 /* gametime.cpp */; };
		8D11072B0486CEB800E47090 /* InfoPlist.strings in Resources */ = {isa = PBXBuildFile; fileRef = 089C165CFE840E0CC02AAC07 /* InfoPlist.strings */; };
		8D11072F0486CEB800E47090 /* Cocoa.framework in Frameworks */ = {isa = PBXBuildFile; fileRef = 1058C7A1FEA54F0111CA2CBB /* Cocoa.framework */; };
/* End PBXBuildFile section */

/* Begin PBXCopyFilesBuildPhase section */
		002F39FD09D0883400EBEB88 /* Copy Frameworks into .app bundle */ = {
			isa = PBXCopyFilesBuildPhase;
			buildActionMask = 2147483647;
			dstPath = "";
			dstSubfolderSpec = 10;
			files = (
				875AA796132364720055526A /* liblua.a in Copy Frameworks into .app bundle */,
				875AA133132326000055526A /* SDL_image.framework in Copy Frameworks into .app bundle */,
				002F3A0009D0884600EBEB88 /* SDL.framework in Copy Frameworks into .app bundle */,
			);
			name = "Copy Frameworks into .app bundle";
			runOnlyForDeploymentPostprocessing = 0;
		};
/* End PBXCopyFilesBuildPhase section */

/* Begin PBXFileReference section */
		002F39F909D0881F00EBEB88 /* SDL.framework */ = {isa = PBXFileReference; lastKnownFileType = wrapper.framework; name = SDL.framework; path = /Library/Frameworks/SDL.framework; sourceTree = "<absolute>"; };
		002F3A2B09D0888800EBEB88 /* SDLMain.h */ = {isa = PBXFileReference; fileEncoding = 30; lastKnownFileType = sourcecode.c.h; path = SDLMain.h; sourceTree = SOURCE_ROOT; };
		002F3A2C09D0888800EBEB88 /* SDLMain.m */ = {isa = PBXFileReference; fileEncoding = 30; lastKnownFileType = sourcecode.c.objc; path = SDLMain.m; sourceTree = SOURCE_ROOT; };
		002F3A3E09D088BA00EBEB88 /* main.cpp */ = {isa = PBXFileReference; fileEncoding = 30; lastKnownFileType = sourcecode.cpp.cpp; path = main.cpp; sourceTree = "<group>"; };
		002F3C0009D093BD00EBEB88 /* OpenGL.framework */ = {isa = PBXFileReference; lastKnownFileType = wrapper.framework; name = OpenGL.framework; path = /System/Library/Frameworks/OpenGL.framework; sourceTree = "<absolute>"; };
		002F3C6009D0951E00EBEB88 /* GLUT.framework */ = {isa = PBXFileReference; lastKnownFileType = wrapper.framework; name = GLUT.framework; path = ../../../../../../../../../../System/Library/Frameworks/GLUT.framework; sourceTree = SOURCE_ROOT; };
		089C165DFE840E0CC02AAC07 /* English */ = {isa = PBXFileReference; fileEncoding = 10; lastKnownFileType = text.plist.strings; name = English; path = English.lproj/InfoPlist.strings; sourceTree = "<group>"; };
		1058C7A1FEA54F0111CA2CBB /* Cocoa.framework */ = {isa = PBXFileReference; lastKnownFileType = wrapper.framework; name = Cocoa.framework; path = /System/Library/Frameworks/Cocoa.framework; sourceTree = "<absolute>"; };
		29B97324FDCFA39411CA2CEA /* AppKit.framework */ = {isa = PBXFileReference; lastKnownFileType = wrapper.framework; name = AppKit.framework; path = /System/Library/Frameworks/AppKit.framework; sourceTree = "<absolute>"; };
		29B97325FDCFA39411CA2CEA /* Foundation.framework */ = {isa = PBXFileReference; lastKnownFileType = wrapper.framework; name = Foundation.framework; path = /System/Library/Frameworks/Foundation.framework; sourceTree = "<absolute>"; };
		32CA4F630368D1EE00C91783 /* ztower-ng_Prefix.pch */ = {isa = PBXFileReference; fileEncoding = 4; lastKnownFileType = sourcecode.c.h; path = "ztower-ng_Prefix.pch"; sourceTree = "<group>"; };
		875AA0AF132321000055526A /* defs.h */ = {isa = PBXFileReference; fileEncoding = 4; lastKnownFileType = sourcecode.c.h; path = defs.h; sourceTree = "<group>"; };
		875AA132132326000055526A /* SDL_image.framework */ = {isa = PBXFileReference; lastKnownFileType = wrapper.framework; path = SDL_image.framework; sourceTree = "<group>"; };
		875AA145132326420055526A /* bgdraw.h */ = {isa = PBXFileReference; fileEncoding = 4; lastKnownFileType = sourcecode.c.h; path = bgdraw.h; sourceTree = "<group>"; };
		875AA146132326420055526A /* bgdraw.cpp */ = {isa = PBXFileReference; fileEncoding = 4; lastKnownFileType = sourcecode.cpp.cpp; path = bgdraw.cpp; sourceTree = "<group>"; };
		875AA14B132326660055526A /* texturemanager.h */ = {isa = PBXFileReference; fileEncoding = 4; lastKnownFileType = sourcecode.c.h; path = texturemanager.h; sourceTree = "<group>"; };
		875AA14C132326660055526A /* texturemanager.cpp */ = {isa = PBXFileReference; fileEncoding = 4; lastKnownFileType = sourcecode.cpp.cpp; path = texturemanager.cpp; sourceTree = "<group>"; };
		875AA150132326E20055526A /* zImage.h */ = {isa = PBXFileReference; fileEncoding = 4; lastKnownFileType = sourcecode.c.h; path = zImage.h; sourceTree = "<group>"; };
		875AA151132326E20055526A /* zImage.cpp */ = {isa = PBXFileReference; fileEncoding = 4; lastKnownFileType = sourcecode.cpp.cpp; path = zImage.cpp; sourceTree = "<group>"; };
		875AA189132329230055526A /* images */ = {isa = PBXFileReference; lastKnownFileType = folder; path = images; sourceTree = "<group>"; };
		875AA59F132350F20055526A /* buildingObject.h */ = {isa = PBXFileReference; fileEncoding = 4; lastKnownFileType = sourcecode.c.h; path = buildingObject.h; sourceTree = "<group>"; };
		875AA5A0132350F20055526A /* buildingObject.cpp */ = {isa = PBXFileReference; fileEncoding = 4; lastKnownFileType = sourcecode.cpp.cpp; path = buildingObject.cpp; sourceTree = "<group>"; };
		875AA5BA132357040055526A /* buildingOffice.h */ = {isa = PBXFileReference; fileEncoding = 4; lastKnownFileType = sourcecode.c.h; path = buildingOffice.h; sourceTree = "<group>"; };
		875AA5BB132357040055526A /* buildingOffice.cpp */ = {isa = PBXFileReference; fileEncoding = 4; lastKnownFileType = sourcecode.cpp.cpp; path = buildingOffice.cpp; sourceTree = "<group>"; };
		875AA795132364720055526A /* liblua.a */ = {isa = PBXFileReference; lastKnownFileType = archive.ar; name = liblua.a; path = "lua-5.1.4/src/liblua.a"; sourceTree = "<group>"; };
		875AA7A2132364980055526A /* lua.h */ = {isa = PBXFileReference; fileEncoding = 4; lastKnownFileType = sourcecode.c.h; name = lua.h; path = "lua-5.1.4/src/lua.h"; sourceTree = "<group>"; };
		875AA7A9132364AB0055526A /* lualib.h */ = {isa = PBXFileReference; fileEncoding = 4; lastKnownFileType = sourcecode.c.h; name = lualib.h; path = "lua-5.1.4/src/lualib.h"; sourceTree = "<group>"; };
		875AA7AA132364B00055526A /* lauxlib.h */ = {isa = PBXFileReference; fileEncoding = 4; lastKnownFileType = sourcecode.c.h; name = lauxlib.h; path = "lua-5.1.4/src/lauxlib.h"; sourceTree = "<group>"; };
		875AA7EC132366C20055526A /* Office.lua */ = {isa = PBXFileReference; fileEncoding = 4; lastKnownFileType = text; path = Office.lua; sourceTree = "<group>"; };
		875AA817132367B70055526A /* ConstructionManager.h */ = {isa = PBXFileReference; fileEncoding = 4; lastKnownFileType = sourcecode.c.h; path = ConstructionManager.h; sourceTree = "<group>"; };
		875AA818132367B70055526A /* ConstructionManager.cpp */ = {isa = PBXFileReference; fileEncoding = 4; lastKnownFileType = sourcecode.cpp.cpp; path = ConstructionManager.cpp; sourceTree = "<group>"; };
		875AA963132445140055526A /* utils.h */ = {isa = PBXFileReference; fileEncoding = 4; lastKnownFileType = sourcecode.c.h; path = utils.h; sourceTree = "<group>"; };
		875AA964132445140055526A /* utils.cpp */ = {isa = PBXFileReference; fileEncoding = 4; lastKnownFileType = sourcecode.cpp.cpp; path = utils.cpp; sourceTree = "<group>"; };
		875AA9BD1324493F0055526A /* floorManager.h */ = {isa = PBXFileReference; fileEncoding = 4; lastKnownFileType = sourcecode.c.h; path = floorManager.h; sourceTree = "<group>"; };
		875AA9BE1324493F0055526A /* floorManager.cpp */ = {isa = PBXFileReference; fileEncoding = 4; lastKnownFileType = sourcecode.cpp.cpp; path = floorManager.cpp; sourceTree = "<group>"; };
		87C145AA13213928006F3303 /* gametime.h */ = {isa = PBXFileReference; fileEncoding = 4; lastKnownFileType = sourcecode.c.h; path = gametime.h; sourceTree = "<group>"; };
		87C145AB13213928006F3303 /* gametime.cpp */ = {isa = PBXFileReference; fileEncoding = 4; lastKnownFileType = sourcecode.cpp.cpp; path = gametime.cpp; sourceTree = "<group>"; };
		8D1107310486CEB800E47090 /* Info.plist */ = {isa = PBXFileReference; fileEncoding = 4; lastKnownFileType = text.plist; path = Info.plist; sourceTree = "<group>"; };
		8D1107320486CEB800E47090 /* ztower-ng.app */ = {isa = PBXFileReference; explicitFileType = wrapper.application; includeInIndex = 0; path = "ztower-ng.app"; sourceTree = BUILT_PRODUCTS_DIR; };
/* End PBXFileReference section */

/* Begin PBXFrameworksBuildPhase section */
		8D11072E0486CEB800E47090 /* Frameworks */ = {
			isa = PBXFrameworksBuildPhase;
			buildActionMask = 2147483647;
			files = (
				875AA7971323647F0055526A /* liblua.a in Frameworks */,
				875AA172132328470055526A /* SDL_image.framework in Frameworks */,
				002F39FA09D0881F00EBEB88 /* SDL.framework in Frameworks */,
				002F3C6109D0951E00EBEB88 /* GLUT.framework in Frameworks */,
				8D11072F0486CEB800E47090 /* Cocoa.framework in Frameworks */,
				002F3C0109D093BD00EBEB88 /* OpenGL.framework in Frameworks */,
			);
			runOnlyForDeploymentPostprocessing = 0;
		};
/* End PBXFrameworksBuildPhase section */

/* Begin PBXGroup section */
		002F3BF309D0937800EBEB88 /* atlantis */ = {
			isa = PBXGroup;
			children = (
			);
			name = atlantis;
			sourceTree = "<group>";
		};
		080E96DDFE201D6D7F000001 /* Classes */ = {
			isa = PBXGroup;
			children = (
				002F3A2B09D0888800EBEB88 /* SDLMain.h */,
				875AA189132329230055526A /* images */,
				002F3A2C09D0888800EBEB88 /* SDLMain.m */,
			);
			name = Classes;
			sourceTree = "<group>";
		};
		1058C7A0FEA54F0111CA2CBB /* Linked Frameworks */ = {
			isa = PBXGroup;
			children = (
				875AA9BD1324493F0055526A /* floorManager.h */,
				875AA9BE1324493F0055526A /* floorManager.cpp */,
				875AA963132445140055526A /* utils.h */,
				875AA964132445140055526A /* utils.cpp */,
				875AA5BA132357040055526A /* buildingOffice.h */,
				875AA5BB132357040055526A /* buildingOffice.cpp */,
				875AA59F132350F20055526A /* buildingObject.h */,
				875AA5A0132350F20055526A /* buildingObject.cpp */,
				875AA132132326000055526A /* SDL_image.framework */,
				87C145AA13213928006F3303 /* gametime.h */,
				87C145AB13213928006F3303 /* gametime.cpp */,
				002F39F909D0881F00EBEB88 /* SDL.framework */,
				002F3C6009D0951E00EBEB88 /* GLUT.framework */,
				1058C7A1FEA54F0111CA2CBB /* Cocoa.framework */,
				002F3C0009D093BD00EBEB88 /* OpenGL.framework */,
			);
			name = "Linked Frameworks";
			sourceTree = "<group>";
		};
		1058C7A2FEA54F0111CA2CBB /* Other Frameworks */ = {
			isa = PBXGroup;
			children = (
				29B97324FDCFA39411CA2CEA /* AppKit.framework */,
				29B97325FDCFA39411CA2CEA /* Foundation.framework */,
			);
			name = "Other Frameworks";
			sourceTree = "<group>";
		};
		19C28FACFE9D520D11CA2CBB /* Products */ = {
			isa = PBXGroup;
			children = (
				8D1107320486CEB800E47090 /* ztower-ng.app */,
			);
			name = Products;
			sourceTree = "<group>";
		};
		29B97314FDCFA39411CA2CEA /* ztower-ng */ = {
			isa = PBXGroup;
			children = (
				875AA7AA132364B00055526A /* lauxlib.h */,
				875AA7A9132364AB0055526A /* lualib.h */,
				875AA7A2132364980055526A /* lua.h */,
				080E96DDFE201D6D7F000001 /* Classes */,
				29B97315FDCFA39411CA2CEA /* Other Sources */,
				29B97317FDCFA39411CA2CEA /* Resources */,
				29B97323FDCFA39411CA2CEA /* Frameworks */,
				19C28FACFE9D520D11CA2CBB /* Products */,
				875AA145132326420055526A /* bgdraw.h */,
				875AA146132326420055526A /* bgdraw.cpp */,
				875AA14B132326660055526A /* texturemanager.h */,
				875AA14C132326660055526A /* texturemanager.cpp */,
				875AA150132326E20055526A /* zImage.h */,
				875AA151132326E20055526A /* zImage.cpp */,
				875AA7EC132366C20055526A /* Office.lua */,
			);
			name = "ztower-ng";
			sourceTree = "<group>";
		};
		29B97315FDCFA39411CA2CEA /* Other Sources */ = {
			isa = PBXGroup;
			children = (
				875AA817132367B70055526A /* ConstructionManager.h */,
				875AA818132367B70055526A /* ConstructionManager.cpp */,
				875AA0AF132321000055526A /* defs.h */,
				002F3BF309D0937800EBEB88 /* atlantis */,
				32CA4F630368D1EE00C91783 /* ztower-ng_Prefix.pch */,
				002F3A3E09D088BA00EBEB88 /* main.cpp */,
			);
			name = "Other Sources";
			sourceTree = "<group>";
		};
		29B97317FDCFA39411CA2CEA /* Resources */ = {
			isa = PBXGroup;
			children = (
				875AA795132364720055526A /* liblua.a */,
				8D1107310486CEB800E47090 /* Info.plist */,
				089C165CFE840E0CC02AAC07 /* InfoPlist.strings */,
			);
			name = Resources;
			sourceTree = "<group>";
		};
		29B97323FDCFA39411CA2CEA /* Frameworks */ = {
			isa = PBXGroup;
			children = (
				1058C7A0FEA54F0111CA2CBB /* Linked Frameworks */,
				1058C7A2FEA54F0111CA2CBB /* Other Frameworks */,
			);
			name = Frameworks;
			sourceTree = "<group>";
		};
/* End PBXGroup section */

/* Begin PBXNativeTarget section */
		8D1107260486CEB800E47090 /* ztower-ng */ = {
			isa = PBXNativeTarget;
			buildConfigurationList = C01FCF4A08A954540054247B /* Build configuration list for PBXNativeTarget "ztower-ng" */;
			buildPhases = (
				8D1107290486CEB800E47090 /* Resources */,
				8D11072C0486CEB800E47090 /* Sources */,
				8D11072E0486CEB800E47090 /* Frameworks */,
				002F39FD09D0883400EBEB88 /* Copy Frameworks into .app bundle */,
			);
			buildRules = (
			);
			dependencies = (
			);
			name = "ztower-ng";
			productInstallPath = "$(HOME)/Applications";
			productName = "ztower-ng";
			productReference = 8D1107320486CEB800E47090 /* ztower-ng.app */;
			productType = "com.apple.product-type.application";
		};
/* End PBXNativeTarget section */

/* Begin PBXProject section */
		29B97313FDCFA39411CA2CEA /* Project object */ = {
			isa = PBXProject;
			buildConfigurationList = C01FCF4E08A954540054247B /* Build configuration list for PBXProject "ztower-ng" */;
			compatibilityVersion = "Xcode 3.2";
			developmentRegion = English;
			hasScannedForEncodings = 1;
			knownRegions = (
				English,
				Japanese,
				French,
				German,
			);
			mainGroup = 29B97314FDCFA39411CA2CEA /* ztower-ng */;
			projectDirPath = "";
			projectRoot = "";
			targets = (
				8D1107260486CEB800E47090 /* ztower-ng */,
			);
		};
/* End PBXProject section */

/* Begin PBXResourcesBuildPhase section */
		8D1107290486CEB800E47090 /* Resources */ = {
			isa = PBXResourcesBuildPhase;
			buildActionMask = 2147483647;
			files = (
				875AA7EE132366E70055526A /* Office.lua in Resources */,
				875AA18B132329230055526A /* images in Resources */,
				8D11072B0486CEB800E47090 /* InfoPlist.strings in Resources */,
			);
			runOnlyForDeploymentPostprocessing = 0;
		};
/* End PBXResourcesBuildPhase section */

/* Begin PBXSourcesBuildPhase section */
		8D11072C0486CEB800E47090 /* Sources */ = {
			isa = PBXSourcesBuildPhase;
			buildActionMask = 2147483647;
			files = (
				002F3A2E09D0888800EBEB88 /* SDLMain.m in Sources */,
				002F3A3F09D088BA00EBEB88 /* main.cpp in Sources */,
				87C145AC13213928006F3303 /* gametime.cpp in Sources */,
				875AA147132326420055526A /* bgdraw.cpp in Sources */,
				875AA14D132326660055526A /* texturemanager.cpp in Sources */,
				875AA152132326E20055526A /* zImage.cpp in Sources */,
				875AA5A1132350F20055526A /* buildingObject.cpp in Sources */,
				875AA5BC132357040055526A /* buildingOffice.cpp in Sources */,
				875AA819132367B70055526A /* ConstructionManager.cpp in Sources */,
				875AA965132445140055526A /* utils.cpp in Sources */,
				875AA9BF1324493F0055526A /* floorManager.cpp in Sources */,
			);
			runOnlyForDeploymentPostprocessing = 0;
		};
/* End PBXSourcesBuildPhase section */

/* Begin PBXVariantGroup section */
		089C165CFE840E0CC02AAC07 /* InfoPlist.strings */ = {
			isa = PBXVariantGroup;
			children = (
				089C165DFE840E0CC02AAC07 /* English */,
			);
			name = InfoPlist.strings;
			sourceTree = "<group>";
		};
/* End PBXVariantGroup section */

/* Begin XCBuildConfiguration section */
		C01FCF4B08A954540054247B /* Debug */ = {
			isa = XCBuildConfiguration;
			buildSettings = {
				ARCHS = "$(NATIVE_ARCH_ACTUAL)";
				COPY_PHASE_STRIP = NO;
				FRAMEWORK_SEARCH_PATHS = (
					"$(inherited)",
					"\"$(SRCROOT)\"",
				);
				GCC_DYNAMIC_NO_PIC = NO;
				GCC_ENABLE_FIX_AND_CONTINUE = YES;
				GCC_MODEL_TUNING = G5;
				GCC_OPTIMIZATION_LEVEL = 0;
				GCC_PRECOMPILE_PREFIX_HEADER = YES;
				GCC_PREFIX_HEADER = ztower_ng_Prefix.pch;
				INFOPLIST_FILE = Info.plist;
				INSTALL_PATH = "$(HOME)/Applications";
				LIBRARY_SEARCH_PATHS = (
					"$(inherited)",
					"\"$(SRCROOT)\"",
					"\"$(SRCROOT)/lua-5.1.4/src\"",
				);
				ONLY_ACTIVE_ARCH = YES;
				PRODUCT_NAME = "ztower-ng";
				SDKROOT = macosx10.6;
				WRAPPER_EXTENSION = app;
			};
			name = Debug;
		};
		C01FCF4C08A954540054247B /* Release */ = {
			isa = XCBuildConfiguration;
			buildSettings = {
				ARCHS = (
					ppc,
					i386,
				);
				FRAMEWORK_SEARCH_PATHS = (
					"$(inherited)",
					"\"$(SRCROOT)\"",
				);
				GCC_GENERATE_DEBUGGING_SYMBOLS = NO;
				GCC_MODEL_TUNING = G5;
				GCC_PRECOMPILE_PREFIX_HEADER = YES;
				GCC_PREFIX_HEADER = ztower_ng_Prefix.pch;
				INFOPLIST_FILE = Info.plist;
				INSTALL_PATH = "$(HOME)/Applications";
				LIBRARY_SEARCH_PATHS = (
					"$(inherited)",
					"\"$(SRCROOT)\"",
					"\"$(SRCROOT)/Lua.framework/Versions/A\"",
					"\"$(SRCROOT)/lua5_1_4_MacOS106_lib\"",
					"\"$(SRCROOT)/lua-5.1.4/src\"",
				);
				PRODUCT_NAME = "ztower-ng";
				WRAPPER_EXTENSION = app;
			};
			name = Release;
		};
		C01FCF4F08A954540054247B /* Debug */ = {
			isa = XCBuildConfiguration;
			buildSettings = {
				ARCHS = "$(ARCHS_STANDARD_32_64_BIT)";
				FRAMEWORK_SEARCH_PATHS = (
					/Library/Frameworks,
					"$(FRAMEWORK_SEARCH_PATHS)",
				);
				GCC_VERSION = 4.0;
				"GCC_VERSION[arch=x86_64]" = 4.2;
				GCC_WARN_ABOUT_RETURN_TYPE = YES;
				GCC_WARN_UNUSED_VARIABLE = YES;
				HEADER_SEARCH_PATHS = (
					/Library/Frameworks/SDL.framework/Headers,
					"$(HEADER_SEARCH_PATHS)",
				);
				PREBINDING = NO;
				SDKROOT = macosx10.4;
				"SDKROOT[arch=x86_64]" = "$(DEVELOPER_SDK_DIR)/MacOSX10.6.sdk";
			};
			name = Debug;
		};
		C01FCF5008A954540054247B /* Release */ = {
			isa = XCBuildConfiguration;
			buildSettings = {
				ARCHS = "$(ARCHS_STANDARD_32_64_BIT)";
				FRAMEWORK_SEARCH_PATHS = (
					"$(HOME)/Library/Frameworks",
					/Library/Frameworks,
					"$(FRAMEWORK_SEARCH_PATHS)",
				);
				GCC_VERSION = 4.0;
				"GCC_VERSION[arch=x86_64]" = 4.2;
				GCC_WARN_ABOUT_RETURN_TYPE = YES;
				GCC_WARN_UNUSED_VARIABLE = YES;
				HEADER_SEARCH_PATHS = (
					"$(HOME)/Library/Frameworks/SDL.framework/Headers",
					/Library/Frameworks/SDL.framework/Headers,
					"$(HEADER_SEARCH_PATHS)",
				);
				PREBINDING = NO;
				SDKROOT = macosx10.4;
				"SDKROOT[arch=x86_64]" = "$(DEVELOPER_SDK_DIR)/MacOSX10.6.sdk";
			};
			name = Release;
		};
/* End XCBuildConfiguration section */

/* Begin XCConfigurationList section */
		C01FCF4A08A954540054247B /* Build configuration list for PBXNativeTarget "ztower-ng" */ = {
			isa = XCConfigurationList;
			buildConfigurations = (
				C01FCF4B08A954540054247B /* Debug */,
				C01FCF4C08A954540054247B /* Release */,
			);
			defaultConfigurationIsVisible = 0;
			defaultConfigurationName = Release;
		};
		C01FCF4E08A954540054247B /* Build configuration list for PBXProject "ztower-ng" */ = {
			isa = XCConfigurationList;
			buildConfigurations = (
				C01FCF4F08A954540054247B /* Debug */,
				C01FCF5008A954540054247B /* Release */,
			);
			defaultConfigurationIsVisible = 0;
			defaultConfigurationName = Release;
		};
/* End XCConfigurationList section */
	};
	rootObject = 29B97313FDCFA39411CA2CEA /* Project object */;
}
